// !$*UTF8*$!
{
	archiveVersion = 1;
	classes = {
	};
	objectVersion = 50;
	objects = {

/* Begin PBXBuildFile section */
		5064756121F07BEE006B9626 /* AppDelegate.swift in Sources */ = {isa = PBXBuildFile; fileRef = 5064756021F07BEE006B9626 /* AppDelegate.swift */; };
		5064756621F07BEE006B9626 /* Main.storyboard in Resources */ = {isa = PBXBuildFile; fileRef = 5064756421F07BEE006B9626 /* Main.storyboard */; };
		5064756921F07BEE006B9626 /* VirtualTourist.xcdatamodeld in Sources */ = {isa = PBXBuildFile; fileRef = 5064756721F07BEE006B9626 /* VirtualTourist.xcdatamodeld */; };
		5064756B21F07BF8006B9626 /* Assets.xcassets in Resources */ = {isa = PBXBuildFile; fileRef = 5064756A21F07BF8006B9626 /* Assets.xcassets */; };
		5064756E21F07BF8006B9626 /* LaunchScreen.storyboard in Resources */ = {isa = PBXBuildFile; fileRef = 5064756C21F07BF8006B9626 /* LaunchScreen.storyboard */; };
		B11DCE4F21F3CD8C00C91C95 /* Api.swift in Sources */ = {isa = PBXBuildFile; fileRef = B11DCE4E21F3CD8C00C91C95 /* Api.swift */; };
		B11DCE5121F3CF4300C91C95 /* FlickerData.swift in Sources */ = {isa = PBXBuildFile; fileRef = B11DCE5021F3CF4300C91C95 /* FlickerData.swift */; };
		B17BA79821F5029500EF80EB /* PhotosCollectionViewCell.swift in Sources */ = {isa = PBXBuildFile; fileRef = B17BA79721F5029500EF80EB /* PhotosCollectionViewCell.swift */; };
		B1A966F221F485030043CAB7 /* Constants.swift in Sources */ = {isa = PBXBuildFile; fileRef = B1A966F121F485030043CAB7 /* Constants.swift */; };
		B1A966F521F48B580043CAB7 /* MapViewController.swift in Sources */ = {isa = PBXBuildFile; fileRef = B1A966F421F48B580043CAB7 /* MapViewController.swift */; };
		B1A966F821F48BA70043CAB7 /* CollectionViewController.swift in Sources */ = {isa = PBXBuildFile; fileRef = B1A966F721F48BA70043CAB7 /* CollectionViewController.swift */; };
		B1A966FA21F48F400043CAB7 /* DataController.swift in Sources */ = {isa = PBXBuildFile; fileRef = B1A966F921F48F400043CAB7 /* DataController.swift */; };
/* End PBXBuildFile section */

/* Begin PBXFileReference section */
		5064755D21F07BEE006B9626 /* VirtualTourist.app */ = {isa = PBXFileReference; explicitFileType = wrapper.application; includeInIndex = 0; path = VirtualTourist.app; sourceTree = BUILT_PRODUCTS_DIR; };
		5064756021F07BEE006B9626 /* AppDelegate.swift */ = {isa = PBXFileReference; lastKnownFileType = sourcecode.swift; path = AppDelegate.swift; sourceTree = "<group>"; };
		5064756521F07BEE006B9626 /* Base */ = {isa = PBXFileReference; lastKnownFileType = file.storyboard; name = Base; path = Base.lproj/Main.storyboard; sourceTree = "<group>"; };
		5064756821F07BEE006B9626 /* VirtualTourist.xcdatamodel */ = {isa = PBXFileReference; lastKnownFileType = wrapper.xcdatamodel; path = VirtualTourist.xcdatamodel; sourceTree = "<group>"; };
		5064756A21F07BF8006B9626 /* Assets.xcassets */ = {isa = PBXFileReference; lastKnownFileType = folder.assetcatalog; path = Assets.xcassets; sourceTree = "<group>"; };
		5064756D21F07BF8006B9626 /* Base */ = {isa = PBXFileReference; lastKnownFileType = file.storyboard; name = Base; path = Base.lproj/LaunchScreen.storyboard; sourceTree = "<group>"; };
		5064756F21F07BF8006B9626 /* Info.plist */ = {isa = PBXFileReference; lastKnownFileType = text.plist.xml; path = Info.plist; sourceTree = "<group>"; };
		B11DCE4E21F3CD8C00C91C95 /* Api.swift */ = {isa = PBXFileReference; lastKnownFileType = sourcecode.swift; path = Api.swift; sourceTree = "<group>"; };
		B11DCE5021F3CF4300C91C95 /* FlickerData.swift */ = {isa = PBXFileReference; lastKnownFileType = sourcecode.swift; path = FlickerData.swift; sourceTree = "<group>"; };
		B17BA79721F5029500EF80EB /* PhotosCollectionViewCell.swift */ = {isa = PBXFileReference; lastKnownFileType = sourcecode.swift; path = PhotosCollectionViewCell.swift; sourceTree = "<group>"; };
		B1A966F121F485030043CAB7 /* Constants.swift */ = {isa = PBXFileReference; lastKnownFileType = sourcecode.swift; path = Constants.swift; sourceTree = "<group>"; };
		B1A966F421F48B580043CAB7 /* MapViewController.swift */ = {isa = PBXFileReference; lastKnownFileType = sourcecode.swift; path = MapViewController.swift; sourceTree = "<group>"; };
		B1A966F721F48BA70043CAB7 /* CollectionViewController.swift */ = {isa = PBXFileReference; lastKnownFileType = sourcecode.swift; path = CollectionViewController.swift; sourceTree = "<group>"; };
		B1A966F921F48F400043CAB7 /* DataController.swift */ = {isa = PBXFileReference; lastKnownFileType = sourcecode.swift; path = DataController.swift; sourceTree = "<group>"; };
/* End PBXFileReference section */

/* Begin PBXFrameworksBuildPhase section */
		5064755A21F07BED006B9626 /* Frameworks */ = {
			isa = PBXFrameworksBuildPhase;
			buildActionMask = 2147483647;
			files = (
			);
			runOnlyForDeploymentPostprocessing = 0;
		};
/* End PBXFrameworksBuildPhase section */

/* Begin PBXGroup section */
		5064755421F07BED006B9626 = {
			isa = PBXGroup;
			children = (
				5064755F21F07BEE006B9626 /* VirtualTourist */,
				5064755E21F07BEE006B9626 /* Products */,
			);
			sourceTree = "<group>";
		};
		5064755E21F07BEE006B9626 /* Products */ = {
			isa = PBXGroup;
			children = (
				5064755D21F07BEE006B9626 /* VirtualTourist.app */,
			);
			name = Products;
			sourceTree = "<group>";
		};
		5064755F21F07BEE006B9626 /* VirtualTourist */ = {
			isa = PBXGroup;
			children = (
				5064756021F07BEE006B9626 /* AppDelegate.swift */,
				B1A966F621F48B5F0043CAB7 /* Controller */,
				B1A966F321F48B020043CAB7 /* View */,
				B11DCE4D21F3CD7000C91C95 /* Model */,
				5064756A21F07BF8006B9626 /* Assets.xcassets */,
				5064756C21F07BF8006B9626 /* LaunchScreen.storyboard */,
				5064756F21F07BF8006B9626 /* Info.plist */,
			);
			path = VirtualTourist;
			sourceTree = "<group>";
		};
		B11DCE4D21F3CD7000C91C95 /* Model */ = {
			isa = PBXGroup;
			children = (
				5064756721F07BEE006B9626 /* VirtualTourist.xcdatamodeld */,
				B11DCE4E21F3CD8C00C91C95 /* Api.swift */,
				B11DCE5021F3CF4300C91C95 /* FlickerData.swift */,
				B1A966F121F485030043CAB7 /* Constants.swift */,
				B1A966F921F48F400043CAB7 /* DataController.swift */,
			);
			path = Model;
			sourceTree = "<group>";
		};
		B1A966F321F48B020043CAB7 /* View */ = {
			isa = PBXGroup;
			children = (
				5064756421F07BEE006B9626 /* Main.storyboard */,
				B17BA79721F5029500EF80EB /* PhotosCollectionViewCell.swift */,
			);
			path = View;
			sourceTree = "<group>";
		};
		B1A966F621F48B5F0043CAB7 /* Controller */ = {
			isa = PBXGroup;
			children = (
				B1A966F421F48B580043CAB7 /* MapViewController.swift */,
				B1A966F721F48BA70043CAB7 /* CollectionViewController.swift */,
			);
			path = Controller;
			sourceTree = "<group>";
		};
/* End PBXGroup section */

/* Begin PBXNativeTarget section */
		5064755C21F07BED006B9626 /* VirtualTourist */ = {
			isa = PBXNativeTarget;
			buildConfigurationList = 5064757221F07BF8006B9626 /* Build configuration list for PBXNativeTarget "VirtualTourist" */;
			buildPhases = (
				5064755921F07BED006B9626 /* Sources */,
				5064755A21F07BED006B9626 /* Frameworks */,
				5064755B21F07BED006B9626 /* Resources */,
			);
			buildRules = (
			);
			dependencies = (
			);
			name = VirtualTourist;
			productName = VirtualTourist;
			productReference = 5064755D21F07BEE006B9626 /* VirtualTourist.app */;
			productType = "com.apple.product-type.application";
		};
/* End PBXNativeTarget section */

/* Begin PBXProject section */
		5064755521F07BED006B9626 /* Project object */ = {
			isa = PBXProject;
			attributes = {
				LastSwiftUpdateCheck = 1010;
				LastUpgradeCheck = 1010;
				ORGANIZATIONNAME = Mohd;
				TargetAttributes = {
					5064755C21F07BED006B9626 = {
						CreatedOnToolsVersion = 10.1;
					};
				};
			};
			buildConfigurationList = 5064755821F07BED006B9626 /* Build configuration list for PBXProject "VirtualTourist" */;
			compatibilityVersion = "Xcode 9.3";
			developmentRegion = en;
			hasScannedForEncodings = 0;
			knownRegions = (
				en,
				Base,
			);
			mainGroup = 5064755421F07BED006B9626;
			productRefGroup = 5064755E21F07BEE006B9626 /* Products */;
			projectDirPath = "";
			projectRoot = "";
			targets = (
				5064755C21F07BED006B9626 /* VirtualTourist */,
			);
		};
/* End PBXProject section */

/* Begin PBXResourcesBuildPhase section */
		5064755B21F07BED006B9626 /* Resources */ = {
			isa = PBXResourcesBuildPhase;
			buildActionMask = 2147483647;
			files = (
				5064756E21F07BF8006B9626 /* LaunchScreen.storyboard in Resources */,
				5064756B21F07BF8006B9626 /* Assets.xcassets in Resources */,
				5064756621F07BEE006B9626 /* Main.storyboard in Resources */,
			);
			runOnlyForDeploymentPostprocessing = 0;
		};
/* End PBXResourcesBuildPhase section */

/* Begin PBXSourcesBuildPhase section */
		5064755921F07BED006B9626 /* Sources */ = {
			isa = PBXSourcesBuildPhase;
			buildActionMask = 2147483647;
			files = (
				5064756121F07BEE006B9626 /* AppDelegate.swift in Sources */,
				B11DCE4F21F3CD8C00C91C95 /* Api.swift in Sources */,
				B17BA79821F5029500EF80EB /* PhotosCollectionViewCell.swift in Sources */,
				B11DCE5121F3CF4300C91C95 /* FlickerData.swift in Sources */,
				5064756921F07BEE006B9626 /* VirtualTourist.xcdatamodeld in Sources */,
				B1A966F821F48BA70043CAB7 /* CollectionViewController.swift in Sources */,
				B1A966FA21F48F400043CAB7 /* DataController.swift in Sources */,
				B1A966F221F485030043CAB7 /* Constants.swift in Sources */,
				B1A966F521F48B580043CAB7 /* MapViewController.swift in Sources */,
			);
			runOnlyForDeploymentPostprocessing = 0;
		};
/* End PBXSourcesBuildPhase section */

/* Begin PBXVariantGroup section */
		5064756421F07BEE006B9626 /* Main.storyboard */ = {
			isa = PBXVariantGroup;
			children = (
				5064756521F07BEE006B9626 /* Base */,
			);
			name = Main.storyboard;
			sourceTree = "<group>";
		};
		5064756C21F07BF8006B9626 /* LaunchScreen.storyboard */ = {
			isa = PBXVariantGroup;
			children = (
				5064756D21F07BF8006B9626 /* Base */,
			);
			name = LaunchScreen.storyboard;
			sourceTree = "<group>";
		};
/* End PBXVariantGroup section */

/* Begin XCBuildConfiguration section */
		5064757021F07BF8006B9626 /* Debug */ = {
			isa = XCBuildConfiguration;
			buildSettings = {
				ALWAYS_SEARCH_USER_PATHS = NO;
				CLANG_ANALYZER_NONNULL = YES;
				CLANG_ANALYZER_NUMBER_OBJECT_CONVERSION = YES_AGGRESSIVE;
				CLANG_CXX_LANGUAGE_STANDARD = "gnu++14";
				CLANG_CXX_LIBRARY = "libc++";
				CLANG_ENABLE_MODULES = YES;
				CLANG_ENABLE_OBJC_ARC = YES;
				CLANG_ENABLE_OBJC_WEAK = YES;
				CLANG_WARN_BLOCK_CAPTURE_AUTORELEASING = YES;
				CLANG_WARN_BOOL_CONVERSION = YES;
				CLANG_WARN_COMMA = YES;
				CLANG_WARN_CONSTANT_CONVERSION = YES;
				CLANG_WARN_DEPRECATED_OBJC_IMPLEMENTATIONS = YES;
				CLANG_WARN_DIRECT_OBJC_ISA_USAGE = YES_ERROR;
				CLANG_WARN_DOCUMENTATION_COMMENTS = YES;
				CLANG_WARN_EMPTY_BODY = YES;
				CLANG_WARN_ENUM_CONVERSION = YES;
				CLANG_WARN_INFINITE_RECURSION = YES;
				CLANG_WARN_INT_CONVERSION = YES;
				CLANG_WARN_NON_LITERAL_NULL_CONVERSION = YES;
				CLANG_WARN_OBJC_IMPLICIT_RETAIN_SELF = YES;
				CLANG_WARN_OBJC_LITERAL_CONVERSION = YES;
				CLANG_WARN_OBJC_ROOT_CLASS = YES_ERROR;
				CLANG_WARN_RANGE_LOOP_ANALYSIS = YES;
				CLANG_WARN_STRICT_PROTOTYPES = YES;
				CLANG_WARN_SUSPICIOUS_MOVE = YES;
				CLANG_WARN_UNGUARDED_AVAILABILITY = YES_AGGRESSIVE;
				CLANG_WARN_UNREACHABLE_CODE = YES;
				CLANG_WARN__DUPLICATE_METHOD_MATCH = YES;
				CODE_SIGN_IDENTITY = "iPhone Developer";
				COPY_PHASE_STRIP = NO;
				DEBUG_INFORMATION_FORMAT = dwarf;
				ENABLE_STRICT_OBJC_MSGSEND = YES;
				ENABLE_TESTABILITY = YES;
				GCC_C_LANGUAGE_STANDARD = gnu11;
				GCC_DYNAMIC_NO_PIC = NO;
				GCC_NO_COMMON_BLOCKS = YES;
				GCC_OPTIMIZATION_LEVEL = 0;
				GCC_PREPROCESSOR_DEFINITIONS = (
					"DEBUG=1",
					"$(inherited)",
				);
				GCC_WARN_64_TO_32_BIT_CONVERSION = YES;
				GCC_WARN_ABOUT_RETURN_TYPE = YES_ERROR;
				GCC_WARN_UNDECLARED_SELECTOR = YES;
				GCC_WARN_UNINITIALIZED_AUTOS = YES_AGGRESSIVE;
				GCC_WARN_UNUSED_FUNCTION = YES;
				GCC_WARN_UNUSED_VARIABLE = YES;
				IPHONEOS_DEPLOYMENT_TARGET = 12.1;
				MTL_ENABLE_DEBUG_INFO = INCLUDE_SOURCE;
				MTL_FAST_MATH = YES;
				ONLY_ACTIVE_ARCH = YES;
				SDKROOT = iphoneos;
				SWIFT_ACTIVE_COMPILATION_CONDITIONS = DEBUG;
				SWIFT_OPTIMIZATION_LEVEL = "-Onone";
			};
			name = Debug;
		};
		5064757121F07BF8006B9626 /* Release */ = {
			isa = XCBuildConfiguration;
			buildSettings = {
				ALWAYS_SEARCH_USER_PATHS = NO;
				CLANG_ANALYZER_NONNULL = YES;
				CLANG_ANALYZER_NUMBER_OBJECT_CONVERSION = YES_AGGRESSIVE;
				CLANG_CXX_LANGUAGE_STANDARD = "gnu++14";
				CLANG_CXX_LIBRARY = "libc++";
				CLANG_ENABLE_MODULES = YES;
				CLANG_ENABLE_OBJC_ARC = YES;
				CLANG_ENABLE_OBJC_WEAK = YES;
				CLANG_WARN_BLOCK_CAPTURE_AUTORELEASING = YES;
				CLANG_WARN_BOOL_CONVERSION = YES;
				CLANG_WARN_COMMA = YES;
				CLANG_WARN_CONSTANT_CONVERSION = YES;
				CLANG_WARN_DEPRECATED_OBJC_IMPLEMENTATIONS = YES;
				CLANG_WARN_DIRECT_OBJC_ISA_USAGE = YES_ERROR;
				CLANG_WARN_DOCUMENTATION_COMMENTS = YES;
				CLANG_WARN_EMPTY_BODY = YES;
				CLANG_WARN_ENUM_CONVERSION = YES;
				CLANG_WARN_INFINITE_RECURSION = YES;
				CLANG_WARN_INT_CONVERSION = YES;
				CLANG_WARN_NON_LITERAL_NULL_CONVERSION = YES;
				CLANG_WARN_OBJC_IMPLICIT_RETAIN_SELF = YES;
				CLANG_WARN_OBJC_LITERAL_CONVERSION = YES;
				CLANG_WARN_OBJC_ROOT_CLASS = YES_ERROR;
				CLANG_WARN_RANGE_LOOP_ANALYSIS = YES;
				CLANG_WARN_STRICT_PROTOTYPES = YES;
				CLANG_WARN_SUSPICIOUS_MOVE = YES;
				CLANG_WARN_UNGUARDED_AVAILABILITY = YES_AGGRESSIVE;
				CLANG_WARN_UNREACHABLE_CODE = YES;
				CLANG_WARN__DUPLICATE_METHOD_MATCH = YES;
				CODE_SIGN_IDENTITY = "iPhone Developer";
				COPY_PHASE_STRIP = NO;
				DEBUG_INFORMATION_FORMAT = "dwarf-with-dsym";
				ENABLE_NS_ASSERTIONS = NO;
				ENABLE_STRICT_OBJC_MSGSEND = YES;
				GCC_C_LANGUAGE_STANDARD = gnu11;
				GCC_NO_COMMON_BLOCKS = YES;
				GCC_WARN_64_TO_32_BIT_CONVERSION = YES;
				GCC_WARN_ABOUT_RETURN_TYPE = YES_ERROR;
				GCC_WARN_UNDECLARED_SELECTOR = YES;
				GCC_WARN_UNINITIALIZED_AUTOS = YES_AGGRESSIVE;
				GCC_WARN_UNUSED_FUNCTION = YES;
				GCC_WARN_UNUSED_VARIABLE = YES;
				IPHONEOS_DEPLOYMENT_TARGET = 12.1;
				MTL_ENABLE_DEBUG_INFO = NO;
				MTL_FAST_MATH = YES;
				SDKROOT = iphoneos;
				SWIFT_COMPILATION_MODE = wholemodule;
				SWIFT_OPTIMIZATION_LEVEL = "-O";
				VALIDATE_PRODUCT = YES;
			};
			name = Release;
		};
		5064757321F07BF8006B9626 /* Debug */ = {
			isa = XCBuildConfiguration;
			buildSettings = {
				ASSETCATALOG_COMPILER_APPICON_NAME = AppIcon;
				CODE_SIGN_STYLE = Automatic;
				INFOPLIST_FILE = VirtualTourist/Info.plist;
				LD_RUNPATH_SEARCH_PATHS = (
					"$(inherited)",
					"@executable_path/Frameworks",
				);
				PRODUCT_BUNDLE_IDENTIFIER = bagawi.VirtualTourist;
				PRODUCT_NAME = "$(TARGET_NAME)";
				SWIFT_VERSION = 4.2;
				TARGETED_DEVICE_FAMILY = "1,2";
			};
			name = Debug;
		};
		5064757421F07BF8006B9626 /* Release */ = {
			isa = XCBuildConfiguration;
			buildSettings = {
				ASSETCATALOG_COMPILER_APPICON_NAME = AppIcon;
				CODE_SIGN_STYLE = Automatic;
				INFOPLIST_FILE = VirtualTourist/Info.plist;
				LD_RUNPATH_SEARCH_PATHS = (
					"$(inherited)",
					"@executable_path/Frameworks",
				);
				PRODUCT_BUNDLE_IDENTIFIER = bagawi.VirtualTourist;
				PRODUCT_NAME = "$(TARGET_NAME)";
				SWIFT_VERSION = 4.2;
				TARGETED_DEVICE_FAMILY = "1,2";
			};
			name = Release;
		};
/* End XCBuildConfiguration section */

/* Begin XCConfigurationList section */
		5064755821F07BED006B9626 /* Build configuration list for PBXProject "VirtualTourist" */ = {
			isa = XCConfigurationList;
			buildConfigurations = (
				5064757021F07BF8006B9626 /* Debug */,
				5064757121F07BF8006B9626 /* Release */,
			);
			defaultConfigurationIsVisible = 0;
			defaultConfigurationName = Release;
		};
		5064757221F07BF8006B9626 /* Build configuration list for PBXNativeTarget "VirtualTourist" */ = {
			isa = XCConfigurationList;
			buildConfigurations = (
				5064757321F07BF8006B9626 /* Debug */,
				5064757421F07BF8006B9626 /* Release */,
			);
			defaultConfigurationIsVisible = 0;
			defaultConfigurationName = Release;
		};
/* End XCConfigurationList section */

/* Begin XCVersionGroup section */
		5064756721F07BEE006B9626 /* VirtualTourist.xcdatamodeld */ = {
			isa = XCVersionGroup;
			children = (
				5064756821F07BEE006B9626 /* VirtualTourist.xcdatamodel */,
			);
			currentVersion = 5064756821F07BEE006B9626 /* VirtualTourist.xcdatamodel */;
			path = VirtualTourist.xcdatamodeld;
			sourceTree = "<group>";
			versionGroupType = wrapper.xcdatamodel;
		};
/* End XCVersionGroup section */
	};
	rootObject = 5064755521F07BED006B9626 /* Project object */;
}
